// !$*UTF8*$!
{
	archiveVersion = 1;
	classes = {
	};
	objectVersion = 56;
	objects = {

/* Begin PBXBuildFile section */
		5A3A193E2C7D2D7C00641EA0 /* BoidThink.metal in Sources */ = {isa = PBXBuildFile; fileRef = 5A3A193D2C7D2D7C00641EA0 /* BoidThink.metal */; };
		5A3A19402C7E14ED00641EA0 /* HiveMind.swift in Sources */ = {isa = PBXBuildFile; fileRef = 5A3A193F2C7E14ED00641EA0 /* HiveMind.swift */; };
		5A3A19422C7E1A6600641EA0 /* MetalLib.swift in Sources */ = {isa = PBXBuildFile; fileRef = 5A3A19412C7E1A6600641EA0 /* MetalLib.swift */; };
		5A6D67482C81712600E17141 /* Vector2.swift in Sources */ = {isa = PBXBuildFile; fileRef = 5A6D67472C81712600E17141 /* Vector2.swift */; };
		5A6E7CFF2C7BBC0300C1CC33 /* BoidSaverView.swift in Sources */ = {isa = PBXBuildFile; fileRef = 5A6E7CFE2C7BBC0300C1CC33 /* BoidSaverView.swift */; };
		5A6E7D012C7BE5C400C1CC33 /* Boid.swift in Sources */ = {isa = PBXBuildFile; fileRef = 5A6E7D002C7BE5C400C1CC33 /* Boid.swift */; };
/* End PBXBuildFile section */

/* Begin PBXFileReference section */
		5A3A193D2C7D2D7C00641EA0 /* BoidThink.metal */ = {isa = PBXFileReference; lastKnownFileType = sourcecode.metal; path = BoidThink.metal; sourceTree = "<group>"; };
		5A3A193F2C7E14ED00641EA0 /* HiveMind.swift */ = {isa = PBXFileReference; lastKnownFileType = sourcecode.swift; path = HiveMind.swift; sourceTree = "<group>"; };
		5A3A19412C7E1A6600641EA0 /* MetalLib.swift */ = {isa = PBXFileReference; lastKnownFileType = sourcecode.swift; path = MetalLib.swift; sourceTree = "<group>"; };
		5A6D67472C81712600E17141 /* Vector2.swift */ = {isa = PBXFileReference; lastKnownFileType = sourcecode.swift; path = Vector2.swift; sourceTree = "<group>"; };
		5A6E7CF02C7BBB8D00C1CC33 /* BoidSaverRework3.saver */ = {isa = PBXFileReference; explicitFileType = wrapper.cfbundle; includeInIndex = 0; path = BoidSaverRework3.saver; sourceTree = BUILT_PRODUCTS_DIR; };
		5A6E7CFE2C7BBC0300C1CC33 /* BoidSaverView.swift */ = {isa = PBXFileReference; lastKnownFileType = sourcecode.swift; path = BoidSaverView.swift; sourceTree = "<group>"; };
		5A6E7D002C7BE5C400C1CC33 /* Boid.swift */ = {isa = PBXFileReference; lastKnownFileType = sourcecode.swift; path = Boid.swift; sourceTree = "<group>"; };
/* End PBXFileReference section */

/* Begin PBXFrameworksBuildPhase section */
		5A6E7CED2C7BBB8D00C1CC33 /* Frameworks */ = {
			isa = PBXFrameworksBuildPhase;
			buildActionMask = 2147483647;
			files = (
			);
			runOnlyForDeploymentPostprocessing = 0;
		};
/* End PBXFrameworksBuildPhase section */

/* Begin PBXGroup section */
		5A6E7CE62C7BBB8D00C1CC33 = {
			isa = PBXGroup;
			children = (
				5A6E7CF22C7BBB8D00C1CC33 /* BoidScreenSaver */,
				5A6E7CF12C7BBB8D00C1CC33 /* Products */,
			);
			sourceTree = "<group>";
			usesTabs = 1;
		};
		5A6E7CF12C7BBB8D00C1CC33 /* Products */ = {
			isa = PBXGroup;
			children = (
				5A6E7CF02C7BBB8D00C1CC33 /* BoidSaverRework3.saver */,
			);
			name = Products;
			sourceTree = "<group>";
		};
		5A6E7CF22C7BBB8D00C1CC33 /* BoidScreenSaver */ = {
			isa = PBXGroup;
			children = (
				5A6D67472C81712600E17141 /* Vector2.swift */,
				5A3A193D2C7D2D7C00641EA0 /* BoidThink.metal */,
				5A3A193F2C7E14ED00641EA0 /* HiveMind.swift */,
				5A3A19412C7E1A6600641EA0 /* MetalLib.swift */,
				5A6E7CFE2C7BBC0300C1CC33 /* BoidSaverView.swift */,
				5A6E7D002C7BE5C400C1CC33 /* Boid.swift */,
			);
			path = BoidScreenSaver;
			sourceTree = "<group>";
		};
/* End PBXGroup section */

/* Begin PBXHeadersBuildPhase section */
		5A6E7CEB2C7BBB8D00C1CC33 /* Headers */ = {
			isa = PBXHeadersBuildPhase;
			buildActionMask = 2147483647;
			files = (
			);
			runOnlyForDeploymentPostprocessing = 0;
		};
/* End PBXHeadersBuildPhase section */

/* Begin PBXNativeTarget section */
		5A6E7CEF2C7BBB8D00C1CC33 /* BoidScreenSaver */ = {
			isa = PBXNativeTarget;
			buildConfigurationList = 5A6E7CF92C7BBB8D00C1CC33 /* Build configuration list for PBXNativeTarget "BoidScreenSaver" */;
			buildPhases = (
				5A6E7CEB2C7BBB8D00C1CC33 /* Headers */,
				5A6E7CEC2C7BBB8D00C1CC33 /* Sources */,
				5A6E7CED2C7BBB8D00C1CC33 /* Frameworks */,
				5A6E7CEE2C7BBB8D00C1CC33 /* Resources */,
			);
			buildRules = (
			);
			dependencies = (
			);
			name = BoidScreenSaver;
			productName = BoidScreenSaver;
			productReference = 5A6E7CF02C7BBB8D00C1CC33 /* BoidSaverRework3.saver */;
			productType = "com.apple.product-type.bundle";
		};
/* End PBXNativeTarget section */

/* Begin PBXProject section */
		5A6E7CE72C7BBB8D00C1CC33 /* Project object */ = {
			isa = PBXProject;
			attributes = {
				BuildIndependentTargetsInParallel = 1;
				LastUpgradeCheck = 1540;
				TargetAttributes = {
					5A6E7CEF2C7BBB8D00C1CC33 = {
						CreatedOnToolsVersion = 15.4;
						LastSwiftMigration = 1540;
					};
				};
			};
			buildConfigurationList = 5A6E7CEA2C7BBB8D00C1CC33 /* Build configuration list for PBXProject "BoidScreenSaver" */;
			compatibilityVersion = "Xcode 14.0";
			developmentRegion = en;
			hasScannedForEncodings = 0;
			knownRegions = (
				en,
				Base,
			);
			mainGroup = 5A6E7CE62C7BBB8D00C1CC33;
			productRefGroup = 5A6E7CF12C7BBB8D00C1CC33 /* Products */;
			projectDirPath = "";
			projectRoot = "";
			targets = (
				5A6E7CEF2C7BBB8D00C1CC33 /* BoidScreenSaver */,
			);
		};
/* End PBXProject section */

/* Begin PBXResourcesBuildPhase section */
		5A6E7CEE2C7BBB8D00C1CC33 /* Resources */ = {
			isa = PBXResourcesBuildPhase;
			buildActionMask = 2147483647;
			files = (
			);
			runOnlyForDeploymentPostprocessing = 0;
		};
/* End PBXResourcesBuildPhase section */

/* Begin PBXSourcesBuildPhase section */
		5A6E7CEC2C7BBB8D00C1CC33 /* Sources */ = {
			isa = PBXSourcesBuildPhase;
			buildActionMask = 2147483647;
			files = (
				5A6E7CFF2C7BBC0300C1CC33 /* BoidSaverView.swift in Sources */,
				5A6D67482C81712600E17141 /* Vector2.swift in Sources */,
				5A3A19402C7E14ED00641EA0 /* HiveMind.swift in Sources */,
				5A6E7D012C7BE5C400C1CC33 /* Boid.swift in Sources */,
				5A3A193E2C7D2D7C00641EA0 /* BoidThink.metal in Sources */,
				5A3A19422C7E1A6600641EA0 /* MetalLib.swift in Sources */,
			);
			runOnlyForDeploymentPostprocessing = 0;
		};
/* End PBXSourcesBuildPhase section */

/* Begin XCBuildConfiguration section */
		5A6E7CF72C7BBB8D00C1CC33 /* Debug */ = {
			isa = XCBuildConfiguration;
			buildSettings = {
				ALWAYS_SEARCH_USER_PATHS = NO;
				ASSETCATALOG_COMPILER_GENERATE_SWIFT_ASSET_SYMBOL_EXTENSIONS = YES;
				CLANG_ANALYZER_NONNULL = YES;
				CLANG_ANALYZER_NUMBER_OBJECT_CONVERSION = YES_AGGRESSIVE;
				CLANG_CXX_LANGUAGE_STANDARD = "gnu++20";
				CLANG_ENABLE_MODULES = YES;
				CLANG_ENABLE_OBJC_ARC = YES;
				CLANG_ENABLE_OBJC_WEAK = YES;
				CLANG_WARN_BLOCK_CAPTURE_AUTORELEASING = YES;
				CLANG_WARN_BOOL_CONVERSION = YES;
				CLANG_WARN_COMMA = YES;
				CLANG_WARN_CONSTANT_CONVERSION = YES;
				CLANG_WARN_DEPRECATED_OBJC_IMPLEMENTATIONS = YES;
				CLANG_WARN_DIRECT_OBJC_ISA_USAGE = YES_ERROR;
				CLANG_WARN_DOCUMENTATION_COMMENTS = YES;
				CLANG_WARN_EMPTY_BODY = YES;
				CLANG_WARN_ENUM_CONVERSION = YES;
				CLANG_WARN_INFINITE_RECURSION = YES;
				CLANG_WARN_INT_CONVERSION = YES;
				CLANG_WARN_NON_LITERAL_NULL_CONVERSION = YES;
				CLANG_WARN_OBJC_IMPLICIT_RETAIN_SELF = YES;
				CLANG_WARN_OBJC_LITERAL_CONVERSION = YES;
				CLANG_WARN_OBJC_ROOT_CLASS = YES_ERROR;
				CLANG_WARN_QUOTED_INCLUDE_IN_FRAMEWORK_HEADER = YES;
				CLANG_WARN_RANGE_LOOP_ANALYSIS = YES;
				CLANG_WARN_STRICT_PROTOTYPES = YES;
				CLANG_WARN_SUSPICIOUS_MOVE = YES;
				CLANG_WARN_UNGUARDED_AVAILABILITY = YES_AGGRESSIVE;
				CLANG_WARN_UNREACHABLE_CODE = YES;
				CLANG_WARN__DUPLICATE_METHOD_MATCH = YES;
				COPY_PHASE_STRIP = NO;
				DEBUG_INFORMATION_FORMAT = dwarf;
				ENABLE_STRICT_OBJC_MSGSEND = YES;
				ENABLE_TESTABILITY = YES;
				ENABLE_USER_SCRIPT_SANDBOXING = YES;
				GCC_C_LANGUAGE_STANDARD = gnu17;
				GCC_DYNAMIC_NO_PIC = NO;
				GCC_NO_COMMON_BLOCKS = YES;
				GCC_OPTIMIZATION_LEVEL = 0;
				GCC_PREPROCESSOR_DEFINITIONS = (
					"DEBUG=1",
					"$(inherited)",
				);
				GCC_WARN_64_TO_32_BIT_CONVERSION = YES;
				GCC_WARN_ABOUT_RETURN_TYPE = YES_ERROR;
				GCC_WARN_UNDECLARED_SELECTOR = YES;
				GCC_WARN_UNINITIALIZED_AUTOS = YES_AGGRESSIVE;
				GCC_WARN_UNUSED_FUNCTION = YES;
				GCC_WARN_UNUSED_VARIABLE = YES;
				LOCALIZATION_PREFERS_STRING_CATALOGS = YES;
				MACOSX_DEPLOYMENT_TARGET = 14.5;
				MTL_ENABLE_DEBUG_INFO = INCLUDE_SOURCE;
				MTL_FAST_MATH = YES;
				ONLY_ACTIVE_ARCH = YES;
				SDKROOT = macosx;
			};
			name = Debug;
		};
		5A6E7CF82C7BBB8D00C1CC33 /* Release */ = {
			isa = XCBuildConfiguration;
			buildSettings = {
				ALWAYS_SEARCH_USER_PATHS = NO;
				ASSETCATALOG_COMPILER_GENERATE_SWIFT_ASSET_SYMBOL_EXTENSIONS = YES;
				CLANG_ANALYZER_NONNULL = YES;
				CLANG_ANALYZER_NUMBER_OBJECT_CONVERSION = YES_AGGRESSIVE;
				CLANG_CXX_LANGUAGE_STANDARD = "gnu++20";
				CLANG_ENABLE_MODULES = YES;
				CLANG_ENABLE_OBJC_ARC = YES;
				CLANG_ENABLE_OBJC_WEAK = YES;
				CLANG_WARN_BLOCK_CAPTURE_AUTORELEASING = YES;
				CLANG_WARN_BOOL_CONVERSION = YES;
				CLANG_WARN_COMMA = YES;
				CLANG_WARN_CONSTANT_CONVERSION = YES;
				CLANG_WARN_DEPRECATED_OBJC_IMPLEMENTATIONS = YES;
				CLANG_WARN_DIRECT_OBJC_ISA_USAGE = YES_ERROR;
				CLANG_WARN_DOCUMENTATION_COMMENTS = YES;
				CLANG_WARN_EMPTY_BODY = YES;
				CLANG_WARN_ENUM_CONVERSION = YES;
				CLANG_WARN_INFINITE_RECURSION = YES;
				CLANG_WARN_INT_CONVERSION = YES;
				CLANG_WARN_NON_LITERAL_NULL_CONVERSION = YES;
				CLANG_WARN_OBJC_IMPLICIT_RETAIN_SELF = YES;
				CLANG_WARN_OBJC_LITERAL_CONVERSION = YES;
				CLANG_WARN_OBJC_ROOT_CLASS = YES_ERROR;
				CLANG_WARN_QUOTED_INCLUDE_IN_FRAMEWORK_HEADER = YES;
				CLANG_WARN_RANGE_LOOP_ANALYSIS = YES;
				CLANG_WARN_STRICT_PROTOTYPES = YES;
				CLANG_WARN_SUSPICIOUS_MOVE = YES;
				CLANG_WARN_UNGUARDED_AVAILABILITY = YES_AGGRESSIVE;
				CLANG_WARN_UNREACHABLE_CODE = YES;
				CLANG_WARN__DUPLICATE_METHOD_MATCH = YES;
				COPY_PHASE_STRIP = NO;
				DEBUG_INFORMATION_FORMAT = "dwarf-with-dsym";
				ENABLE_NS_ASSERTIONS = NO;
				ENABLE_STRICT_OBJC_MSGSEND = YES;
				ENABLE_USER_SCRIPT_SANDBOXING = YES;
				GCC_C_LANGUAGE_STANDARD = gnu17;
				GCC_NO_COMMON_BLOCKS = YES;
				GCC_WARN_64_TO_32_BIT_CONVERSION = YES;
				GCC_WARN_ABOUT_RETURN_TYPE = YES_ERROR;
				GCC_WARN_UNDECLARED_SELECTOR = YES;
				GCC_WARN_UNINITIALIZED_AUTOS = YES_AGGRESSIVE;
				GCC_WARN_UNUSED_FUNCTION = YES;
				GCC_WARN_UNUSED_VARIABLE = YES;
				LOCALIZATION_PREFERS_STRING_CATALOGS = YES;
				MACOSX_DEPLOYMENT_TARGET = 14.5;
				MTL_ENABLE_DEBUG_INFO = NO;
				MTL_FAST_MATH = YES;
				SDKROOT = macosx;
			};
			name = Release;
		};
		5A6E7CFA2C7BBB8D00C1CC33 /* Debug */ = {
			isa = XCBuildConfiguration;
			buildSettings = {
				CLANG_ENABLE_MODULES = YES;
				CODE_SIGN_STYLE = Automatic;
				COMBINE_HIDPI_IMAGES = YES;
				CURRENT_PROJECT_VERSION = 1.1;
				GENERATE_INFOPLIST_FILE = YES;
				INFOPLIST_KEY_NSHumanReadableCopyright = "";
				INFOPLIST_KEY_NSPrincipalClass = BoidScreenSaverView;
				INSTALL_PATH = "$(HOME)/Library/Screen Savers";
				MARKETING_VERSION = 1.1;
				PRODUCT_BUNDLE_IDENTIFIER = customs.BoidScreenSaver.v1;
				PRODUCT_NAME = BoidSaverRework3;
				SWIFT_EMIT_LOC_STRINGS = YES;
				SWIFT_OPTIMIZATION_LEVEL = "-Onone";
				SWIFT_VERSION = 5.0;
				WRAPPER_EXTENSION = saver;
			};
			name = Debug;
		};
		5A6E7CFB2C7BBB8D00C1CC33 /* Release */ = {
			isa = XCBuildConfiguration;
			buildSettings = {
				CLANG_ENABLE_MODULES = YES;
				CODE_SIGN_STYLE = Automatic;
				COMBINE_HIDPI_IMAGES = YES;
				CURRENT_PROJECT_VERSION = 1.1;
				GENERATE_INFOPLIST_FILE = YES;
				INFOPLIST_KEY_NSHumanReadableCopyright = "";
				INFOPLIST_KEY_NSPrincipalClass = BoidScreenSaverView;
				INSTALL_PATH = "$(HOME)/Library/Screen Savers";
				MARKETING_VERSION = 1.1;
				PRODUCT_BUNDLE_IDENTIFIER = customs.BoidScreenSaver.v1;
				PRODUCT_NAME = BoidSaverRework3;
				SWIFT_EMIT_LOC_STRINGS = YES;
				SWIFT_VERSION = 5.0;
				WRAPPER_EXTENSION = saver;
			};
			name = Release;
		};
/* End XCBuildConfiguration section */

/* Begin XCConfigurationList section */
		5A6E7CEA2C7BBB8D00C1CC33 /* Build configuration list for PBXProject "BoidScreenSaver" */ = {
			isa = XCConfigurationList;
			buildConfigurations = (
				5A6E7CF72C7BBB8D00C1CC33 /* Debug */,
				5A6E7CF82C7BBB8D00C1CC33 /* Release */,
			);
			defaultConfigurationIsVisible = 0;
			defaultConfigurationName = Release;
		};
		5A6E7CF92C7BBB8D00C1CC33 /* Build configuration list for PBXNativeTarget "BoidScreenSaver" */ = {
			isa = XCConfigurationList;
			buildConfigurations = (
				5A6E7CFA2C7BBB8D00C1CC33 /* Debug */,
				5A6E7CFB2C7BBB8D00C1CC33 /* Release */,
			);
			defaultConfigurationIsVisible = 0;
			defaultConfigurationName = Release;
		};
/* End XCConfigurationList section */
	};
	rootObject = 5A6E7CE72C7BBB8D00C1CC33 /* Project object */;
}
